Microsoft Visual Studio Solution File, Format Version 12.00
# Visual Studio Version 17
VisualStudioVersion = 17.0.31903.59
MinimumVisualStudioVersion = 10.0.40219.1
Project("{2150E333-8FDC-42A3-9474-1A3956D46DE8}") = "src", "src", "{5EA7CEED-4A8A-4D38-A2C0-9AA89A5A9D45}"
EndProject
Project("{FAE04EC0-301F-11D3-BF4B-00C04F79EFBC}") = "BRELTV.API", "src\BRELTV.API\BRELTV.API.csproj", "{C7E89A3E-A631-4760-8C14-29D89C3602A2}"
EndProject
Project("{FAE04EC0-301F-11D3-BF4B-00C04F79EFBC}") = "BRELTV.Services", "src\BRELTV.Services\BRELTV.Services.csproj", "{34C0FACD-F3D9-400C-8945-554DD6B0819A}"
EndProject
Project("{FAE04EC0-301F-11D3-BF4B-00C04F79EFBC}") = "BRELTV.DataAccess", "src\BRELTV.DataAccess\BRELTV.DataAccess.csproj", "{117DA02F-5274-4565-ACC6-DA9B6E568B09}"
EndProject
Project("{FAE04EC0-301F-11D3-BF4B-00C04F79EFBC}") = "BRELTV.Models", "src\BRELTV.Models\BRELTV.Models.csproj", "{8A8CEABC-AC47-43FF-A5DF-69224F7E1F46}"
EndProject
Project("{2150E333-8FDC-42A3-9474-1A3956D46DE8}") = "tests", "tests", "{C87DF933-0F6B-4E8D-A29A-3F412E9E88EF}"
EndProject
Project("{FAE04EC0-301F-11D3-BF4B-00C04F79EFBC}") = "BRELTV.Tests", "tests\BRELTV.Tests\BRELTV.Tests.csproj", "{1DC7F5A0-DDF7-4975-84EB-05F4FC1B6AB5}"
EndProject
Global
	GlobalSection(SolutionConfigurationPlatforms) = preSolution
		Debug|Any CPU = Debug|Any CPU
		Release|Any CPU = Release|Any CPU
	EndGlobalSection
	GlobalSection(SolutionProperties) = preSolution
		HideSolutionNode = FALSE
	EndGlobalSection
	GlobalSection(ProjectConfigurationPlatforms) = postSolution
		{C7E89A3E-A631-4760-8C14-29D89C3602A2}.Debug|Any CPU.ActiveCfg = Debug|Any CPU
		{C7E89A3E-A631-4760-8C14-29D89C3602A2}.Debug|Any CPU.Build.0 = Debug|Any CPU
		{C7E89A3E-A631-4760-8C14-29D89C3602A2}.Release|Any CPU.ActiveCfg = Release|Any CPU
		{C7E89A3E-A631-4760-8C14-29D89C3602A2}.Release|Any CPU.Build.0 = Release|Any CPU
		{34C0FACD-F3D9-400C-8945-554DD6B0819A}.Debug|Any CPU.ActiveCfg = Debug|Any CPU
		{34C0FACD-F3D9-400C-8945-554DD6B0819A}.Debug|Any CPU.Build.0 = Debug|Any CPU
		{34C0FACD-F3D9-400C-8945-554DD6B0819A}.Release|Any CPU.ActiveCfg = Release|Any CPU
		{34C0FACD-F3D9-400C-8945-554DD6B0819A}.Release|Any CPU.Build.0 = Release|Any CPU
		{117DA02F-5274-4565-ACC6-DA9B6E568B09}.Debug|Any CPU.ActiveCfg = Debug|Any CPU
		{117DA02F-5274-4565-ACC6-DA9B6E568B09}.Debug|Any CPU.Build.0 = Debug|Any CPU
		{117DA02F-5274-4565-ACC6-DA9B6E568B09}.Release|Any CPU.ActiveCfg = Release|Any CPU
		{117DA02F-5274-4565-ACC6-DA9B6E568B09}.Release|Any CPU.Build.0 = Release|Any CPU
		{8A8CEABC-AC47-43FF-A5DF-69224F7E1F46}.Debug|Any CPU.ActiveCfg = Debug|Any CPU
		{8A8CEABC-AC47-43FF-A5DF-69224F7E1F46}.Debug|Any CPU.Build.0 = Debug|Any CPU
		{8A8CEABC-AC47-43FF-A5DF-69224F7E1F46}.Release|Any CPU.ActiveCfg = Release|Any CPU
		{8A8CEABC-AC47-43FF-A5DF-69224F7E1F46}.Release|Any CPU.Build.0 = Release|Any CPU
		{1DC7F5A0-DDF7-4975-84EB-05F4FC1B6AB5}.Debug|Any CPU.ActiveCfg = Debug|Any CPU
		{1DC7F5A0-DDF7-4975-84EB-05F4FC1B6AB5}.Debug|Any CPU.Build.0 = Debug|Any CPU
		{1DC7F5A0-DDF7-4975-84EB-05F4FC1B6AB5}.Release|Any CPU.ActiveCfg = Release|Any CPU
		{1DC7F5A0-DDF7-4975-84EB-05F4FC1B6AB5}.Release|Any CPU.Build.0 = Release|Any CPU
	EndGlobalSection
	GlobalSection(NestedProjects) = preSolution
		{C7E89A3E-A631-4760-8C14-29D89C3602A2} = {5EA7CEED-4A8A-4D38-A2C0-9AA89A5A9D45}
		{34C0FACD-F3D9-400C-8945-554DD6B0819A} = {5EA7CEED-4A8A-4D38-A2C0-9AA89A5A9D45}
		{117DA02F-5274-4565-ACC6-DA9B6E568B09} = {5EA7CEED-4A8A-4D38-A2C0-9AA89A5A9D45}
		{8A8CEABC-AC47-43FF-A5DF-69224F7E1F46} = {5EA7CEED-4A8A-4D38-A2C0-9AA89A5A9D45}
		{1DC7F5A0-DDF7-4975-84EB-05F4FC1B6AB5} = {C87DF933-0F6B-4E8D-A29A-3F412E9E88EF}
	EndGlobalSection
EndGlobal

