Microsoft Visual Studio Solution File, Format Version 12.00
# Visual Studio Version 17
VisualStudioVersion = 17.0.31903.59
MinimumVisualStudioVersion = 10.0.40219.1
Project("{2150E333-8FDC-42A3-9474-1A3956D46DE8}") = "src", "src", "{5F5D0E24-6855-4AE8-8D96-F7FB3C9F3E2E}"
EndProject
Project("{9A19103F-16F7-4668-BE54-9A1E7A4F7556}") = "BRELTV.API", "src\BRELTV.API\BRELTV.API.csproj", "{C7E89A3E-A631-4760-8D61-BD1EAB1C4E69}"
EndProject
Project("{9A19103F-16F7-4668-BE54-9A1E7A4F7556}") = "BRELTV.Application", "src\BRELTV.Application\BRELTV.Application.csproj", "{34C0FACD-F3D9-400C-8945-554DD6B0819A}"
EndProject
Project("{9A19103F-16F7-4668-BE54-9A1E7A4F7556}") = "BRELTV.Domain", "src\BRELTV.Domain\BRELTV.Domain.csproj", "{6BD2EC46-FA5F-4079-9389-AD7F16CCB684}"
EndProject
Project("{9A19103F-16F7-4668-BE54-9A1E7A4F7556}") = "BRELTV.Infrastructure", "src\BRELTV.Infrastructure\BRELTV.Infrastructure.csproj", "{4D39C126-3FB5-4B26-B08C-1BF48EFFA23E}"
EndProject
Project("{2150E333-8FDC-42A3-9474-1A3956D46DE8}") = "tests", "tests", "{664D406C-2F83-48F0-BFC3-408D5CB53C65}"
EndProject
Project("{9A19103F-16F7-4668-BE54-9A1E7A4F7556}") = "BRELTV.Application.Tests", "tests\BRELTV.Application.Tests\BRELTV.Application.Tests.csproj", "{1DC7F5A0-DDF7-4975-84EB-05F4FC1B6AB5}"
EndProject
Project("{9A19103F-16F7-4668-BE54-9A1E7A4F7556}") = "BRELTV.API.Tests", "tests\BRELTV.API.Tests\BRELTV.API.Tests.csproj", "{EA947FE1-9A7B-4B9A-8F2B-0C2F55ED3AEA}"
EndProject
Global
	GlobalSection(SolutionConfigurationPlatforms) = preSolution
		Debug|Any CPU = Debug|Any CPU
		Release|Any CPU = Release|Any CPU
	EndGlobalSection
	GlobalSection(ProjectConfigurationPlatforms) = postSolution
		{C7E89A3E-A631-4760-8D61-BD1EAB1C4E69}.Debug|Any CPU.ActiveCfg = Debug|Any CPU
		{C7E89A3E-A631-4760-8D61-BD1EAB1C4E69}.Debug|Any CPU.Build.0 = Debug|Any CPU
		{C7E89A3E-A631-4760-8D61-BD1EAB1C4E69}.Release|Any CPU.ActiveCfg = Release|Any CPU
		{C7E89A3E-A631-4760-8D61-BD1EAB1C4E69}.Release|Any CPU.Build.0 = Release|Any CPU
		{34C0FACD-F3D9-400C-8945-554DD6B0819A}.Debug|Any CPU.ActiveCfg = Debug|Any CPU
		{34C0FACD-F3D9-400C-8945-554DD6B0819A}.Debug|Any CPU.Build.0 = Debug|Any CPU
		{34C0FACD-F3D9-400C-8945-554DD6B0819A}.Release|Any CPU.ActiveCfg = Release|Any CPU
		{34C0FACD-F3D9-400C-8945-554DD6B0819A}.Release|Any CPU.Build.0 = Release|Any CPU
		{6BD2EC46-FA5F-4079-9389-AD7F16CCB684}.Debug|Any CPU.ActiveCfg = Debug|Any CPU
		{6BD2EC46-FA5F-4079-9389-AD7F16CCB684}.Debug|Any CPU.Build.0 = Debug|Any CPU
		{6BD2EC46-FA5F-4079-9389-AD7F16CCB684}.Release|Any CPU.ActiveCfg = Release|Any CPU
		{6BD2EC46-FA5F-4079-9389-AD7F16CCB684}.Release|Any CPU.Build.0 = Release|Any CPU
		{4D39C126-3FB5-4B26-B08C-1BF48EFFA23E}.Debug|Any CPU.ActiveCfg = Debug|Any CPU
		{4D39C126-3FB5-4B26-B08C-1BF48EFFA23E}.Debug|Any CPU.Build.0 = Debug|Any CPU
		{4D39C126-3FB5-4B26-B08C-1BF48EFFA23E}.Release|Any CPU.ActiveCfg = Release|Any CPU
		{4D39C126-3FB5-4B26-B08C-1BF48EFFA23E}.Release|Any CPU.Build.0 = Release|Any CPU
		{1DC7F5A0-DDF7-4975-84EB-05F4FC1B6AB5}.Debug|Any CPU.ActiveCfg = Debug|Any CPU
		{1DC7F5A0-DDF7-4975-84EB-05F4FC1B6AB5}.Debug|Any CPU.Build.0 = Debug|Any CPU
		{1DC7F5A0-DDF7-4975-84EB-05F4FC1B6AB5}.Release|Any CPU.ActiveCfg = Release|Any CPU
		{1DC7F5A0-DDF7-4975-84EB-05F4FC1B6AB5}.Release|Any CPU.Build.0 = Release|Any CPU
		{EA947FE1-9A7B-4B9A-8F2B-0C2F55ED3AEA}.Debug|Any CPU.ActiveCfg = Debug|Any CPU
		{EA947FE1-9A7B-4B9A-8F2B-0C2F55ED3AEA}.Debug|Any CPU.Build.0 = Debug|Any CPU
		{EA947FE1-9A7B-4B9A-8F2B-0C2F55ED3AEA}.Release|Any CPU.ActiveCfg = Release|Any CPU
		{EA947FE1-9A7B-4B9A-8F2B-0C2F55ED3AEA}.Release|Any CPU.Build.0 = Release|Any CPU
	EndGlobalSection
	GlobalSection(SolutionProperties) = preSolution
		HideSolutionNode = FALSE
	EndGlobalSection
	GlobalSection(NestedProjects) = preSolution
		{C7E89A3E-A631-4760-8D61-BD1EAB1C4E69} = {5F5D0E24-6855-4AE8-8D96-F7FB3C9F3E2E}
		{34C0FACD-F3D9-400C-8945-554DD6B0819A} = {5F5D0E24-6855-4AE8-8D96-F7FB3C9F3E2E}
		{6BD2EC46-FA5F-4079-9389-AD7F16CCB684} = {5F5D0E24-6855-4AE8-8D96-F7FB3C9F3E2E}
		{4D39C126-3FB5-4B26-B08C-1BF48EFFA23E} = {5F5D0E24-6855-4AE8-8D96-F7FB3C9F3E2E}
		{1DC7F5A0-DDF7-4975-84EB-05F4FC1B6AB5} = {664D406C-2F83-48F0-BFC3-408D5CB53C65}
		{EA947FE1-9A7B-4B9A-8F2B-0C2F55ED3AEA} = {664D406C-2F83-48F0-BFC3-408D5CB53C65}
	EndGlobalSection
	GlobalSection(ExtensibilityGlobals) = postSolution
		SolutionGuid = {3CB609D9-5D54-4C11-A371-DAAC8B74E430}
	EndGlobalSection
EndGlobal

